<?xml version="1.0" encoding="utf-8"?>
<Project ToolsVersion="4.0" xmlns="http://schemas.microsoft.com/developer/msbuild/2003">
  <ItemGroup>
    <Filter Include="contrib">
      <UniqueIdentifier>{860c4e63-73c3-43be-8048-6cd08a1b98e4}</UniqueIdentifier>
    </Filter>
    <Filter Include="data">
      <UniqueIdentifier>{d7a93694-97d7-4724-9939-6aa8dd940362}</UniqueIdentifier>
    </Filter>
    <Filter Include="src">
      <UniqueIdentifier>{f9ce4060-ec28-4cfa-a479-4653262ba860}</UniqueIdentifier>
    </Filter>
  </ItemGroup>
  <ItemGroup>
    <Text Include="contrib\placeHolder.txt">
      <Filter>contrib</Filter>
    </Text>
    <Text Include="data\placeHolder.txt">
      <Filter>data</Filter>
    </Text>
    <Text Include="LICENSE" />
  </ItemGroup>
  <ItemGroup>
    <ClCompile Include="src\main.cpp">
      <Filter>src</Filter>
    </ClCompile>
  </ItemGroup>
  <ItemGroup>
    <ClInclude Include="src\main.hpp">
      <Filter>src</Filter>
    </ClInclude>
  </ItemGroup>
  <ItemGroup>
    <None Include="ANSI.md" />
    <None Include="AUTHORS.md" />
    <None Include="CHANGELOG.md" />
    <None Include="README.md" />
  </ItemGroup>
</Project>